schema: '2.0'
stages:
  data_ingestion:
    cmd: python src/CNN_Classifier/pipeline/stage_01_data_ingestion.py
    deps:
    - path: config/config.yaml
      hash: md5
      md5: 123b550e92c4798a3ddc5b2f44cec2f1
      size: 817
    - path: src/CNN_Classifier/pipeline/stage_01_data_ingestion.py
      hash: md5
      md5: 63625cd2b58a6bb46dd75fbec526d252
      size: 950
    outs:
    - path: artifacts/data_ingestion/Chicken-fecal-images
      hash: md5
      md5: 9e1f8dd2eae3c29e9d635df89d438ae4.dir
      size: 12207807
      nfiles: 390
  prepare_base_model:
    cmd: python src/CNN_Classifier/pipeline/stage_02_prepare_base_model.py
    deps:
    - path: config/config.yaml
      hash: md5
      md5: 123b550e92c4798a3ddc5b2f44cec2f1
      size: 817
    - path: src/CNN_Classifier/pipeline/stage_02_prepare_base_model.py
      hash: md5
      md5: 974f175fd63bbe1af96feed77d82365a
      size: 1043
    params:
      params.yaml:
        CLASSES: 2
        IMAGE_SIZE:
        - 224
        - 224
        - 3
        INCLUDE_TOP: false
        LEARNING_RATE: 0.01
        WEIGHTS: imagenet
    outs:
    - path: artifacts/prepare_base_model
      hash: md5
      md5: cff4ccc4d18f1b6b2c0a35d924f30866.dir
      size: 118059248
      nfiles: 2
  training:
    cmd: python src/CNN_Classifier/pipeline/stage_03_training.py
    deps:
    - path: artifacts/data_ingestion/Chicken-fecal-images
      hash: md5
      md5: 9e1f8dd2eae3c29e9d635df89d438ae4.dir
      size: 12207807
      nfiles: 390
    - path: artifacts/prepare_base_model
      hash: md5
      md5: cff4ccc4d18f1b6b2c0a35d924f30866.dir
      size: 118059248
      nfiles: 2
    - path: config/config.yaml
      hash: md5
      md5: 123b550e92c4798a3ddc5b2f44cec2f1
      size: 817
    - path: src/CNN_Classifier/components/prepare_callbacks.py
      hash: md5
      md5: 7e07b506792d94b390caa8b2363f44a7
      size: 1014
    - path: src/CNN_Classifier/pipeline/stage_03_training.py
      hash: md5
      md5: 6f9da22dc589758659ba42a2462aebf7
      size: 1297
    params:
      params.yaml:
        AUGMENTATION: true
        BATCH_SIZE: 16
        EPOCHS: 1
        IMAGE_SIZE:
        - 224
        - 224
        - 3
    outs:
    - path: artifacts/training/model.h5
      hash: md5
      md5: 996bceaafe76309607caa3d97ef3392e
      size: 59340720
  evaluation:
    cmd: python src/CNN_Classifier/pipeline/stage_04_evaluation.py
    deps:
    - path: artifacts/data_ingestion/Chicken-fecal-images
      hash: md5
      md5: 9e1f8dd2eae3c29e9d635df89d438ae4.dir
      size: 12207807
      nfiles: 390
    - path: artifacts/training/model.h5
      hash: md5
      md5: 996bceaafe76309607caa3d97ef3392e
      size: 59340720
    - path: config/config.yaml
      hash: md5
      md5: 123b550e92c4798a3ddc5b2f44cec2f1
      size: 817
    - path: src/CNN_Classifier/pipeline/stage_04_evaluation.py
      hash: md5
      md5: 0a7e5e04e0519c191466ce83fafc63e1
      size: 905
    params:
      params.yaml:
        BATCH_SIZE: 16
        IMAGE_SIZE:
        - 224
        - 224
        - 3
    outs:
    - path: scores.json
      hash: md5
      md5: fbd28bc1e34c94c9639cdd252da5d833
      size: 57
